
Microsoft Visual Studio Solution File, Format Version 12.00
# Visual Studio 14
VisualStudioVersion = 14.0.25420.1
MinimumVisualStudioVersion = 10.0.40219.1
Project("{FAE04EC0-301F-11D3-BF4B-00C04F79EFBC}") = "Saturn_Remove_Suo", "SaturnSuoRemover\Saturn_Remove_Suo.csproj", "{0B6660D1-0769-4C0D-B6EF-25656CFE4F34}"
EndProject
Global
	GlobalSection(SolutionConfigurationPlatforms) = preSolution
		Debug|Any CPU = Debug|Any CPU
		Release|Any CPU = Release|Any CPU
	EndGlobalSection
	GlobalSection(ProjectConfigurationPlatforms) = postSolution
		{0B6660D1-0769-4C0D-B6EF-25656CFE4F34}.Debug|Any CPU.ActiveCfg = Debug|Any CPU
		{0B6660D1-0769-4C0D-B6EF-25656CFE4F34}.Debug|Any CPU.Build.0 = Debug|Any CPU
		{0B6660D1-0769-4C0D-B6EF-25656CFE4F34}.Release|Any CPU.ActiveCfg = Release|Any CPU
		{0B6660D1-0769-4C0D-B6EF-25656CFE4F34}.Release|Any CPU.Build.0 = Release|Any CPU
	EndGlobalSection
	GlobalSection(SolutionProperties) = preSolution
		HideSolutionNode = FALSE
	EndGlobalSection
EndGlobal
